
Microsoft Visual Studio Solution File, Format Version 12.00
# Visual Studio Version 17
VisualStudioVersion = 17.7.34018.315
MinimumVisualStudioVersion = 10.0.40219.1
Project("{FAE04EC0-301F-11D3-BF4B-00C04F79EFBC}") = "AprendendoSobreTestes", "AprendendoSobreTestes\AprendendoSobreTestes.csproj", "{9BCBD2E9-7759-4EE5-A2F6-27D34F3FC60F}"
EndProject
Project("{FAE04EC0-301F-11D3-BF4B-00C04F79EFBC}") = "TesteCalculadora", "TesteCalculadora\TesteCalculadora.csproj", "{2E1F5336-A32C-4631-9052-864FB1ACB797}"
EndProject
Global
	GlobalSection(SolutionConfigurationPlatforms) = preSolution
		Debug|Any CPU = Debug|Any CPU
		Release|Any CPU = Release|Any CPU
	EndGlobalSection
	GlobalSection(ProjectConfigurationPlatforms) = postSolution
		{9BCBD2E9-7759-4EE5-A2F6-27D34F3FC60F}.Debug|Any CPU.ActiveCfg = Debug|Any CPU
		{9BCBD2E9-7759-4EE5-A2F6-27D34F3FC60F}.Debug|Any CPU.Build.0 = Debug|Any CPU
		{9BCBD2E9-7759-4EE5-A2F6-27D34F3FC60F}.Release|Any CPU.ActiveCfg = Release|Any CPU
		{9BCBD2E9-7759-4EE5-A2F6-27D34F3FC60F}.Release|Any CPU.Build.0 = Release|Any CPU
		{2E1F5336-A32C-4631-9052-864FB1ACB797}.Debug|Any CPU.ActiveCfg = Debug|Any CPU
		{2E1F5336-A32C-4631-9052-864FB1ACB797}.Debug|Any CPU.Build.0 = Debug|Any CPU
		{2E1F5336-A32C-4631-9052-864FB1ACB797}.Release|Any CPU.ActiveCfg = Release|Any CPU
		{2E1F5336-A32C-4631-9052-864FB1ACB797}.Release|Any CPU.Build.0 = Release|Any CPU
	EndGlobalSection
	GlobalSection(SolutionProperties) = preSolution
		HideSolutionNode = FALSE
	EndGlobalSection
	GlobalSection(ExtensibilityGlobals) = postSolution
		SolutionGuid = {780E4C52-97E2-4188-A56F-E3133061EC6D}
	EndGlobalSection
EndGlobal
